
Microsoft Visual Studio Solution File, Format Version 12.00
Project("{2150E333-8FDC-42A3-9474-1A3956D46DE8}") = "SolutionFolder", "SolutionFolder", "{9894F6E0-42A7-4A9D-96F8-8ECB2221230A}"
	ProjectSection(SolutionItems) = preProject
		..\.gitignore = ..\.gitignore
		..\README.md = ..\README.md
		..\Dockerfile = ..\Dockerfile
		..\go.sh = ..\go.sh
		..\Jenkinsfile = ..\Jenkinsfile
	EndProjectSection
EndProject
Project("{FAE04EC0-301F-11D3-BF4B-00C04F79EFBC}") = "Nullinside.Api.Common", "nullinside-api\src\Nullinside.Api.Common\Nullinside.Api.Common.csproj", "{D9EF6294-DF13-4901-B7EF-2DBC50B9E4E1}"
EndProject
Project("{FAE04EC0-301F-11D3-BF4B-00C04F79EFBC}") = "[ApplicationNameUpperCamelCase]", "[ApplicationNameUpperCamelCase]\[ApplicationNameUpperCamelCase].csproj", "{D16A0A78-91C3-4098-AF67-2AD287522274}"
EndProject
Global
	GlobalSection(SolutionConfigurationPlatforms) = preSolution
		Debug|Any CPU = Debug|Any CPU
		Release|Any CPU = Release|Any CPU
	EndGlobalSection
	GlobalSection(ProjectConfigurationPlatforms) = postSolution
		{D9EF6294-DF13-4901-B7EF-2DBC50B9E4E1}.Debug|Any CPU.ActiveCfg = Debug|Any CPU
		{D9EF6294-DF13-4901-B7EF-2DBC50B9E4E1}.Debug|Any CPU.Build.0 = Debug|Any CPU
		{D9EF6294-DF13-4901-B7EF-2DBC50B9E4E1}.Release|Any CPU.ActiveCfg = Release|Any CPU
		{D9EF6294-DF13-4901-B7EF-2DBC50B9E4E1}.Release|Any CPU.Build.0 = Release|Any CPU
		{D16A0A78-91C3-4098-AF67-2AD287522274}.Debug|Any CPU.ActiveCfg = Debug|Any CPU
		{D16A0A78-91C3-4098-AF67-2AD287522274}.Debug|Any CPU.Build.0 = Debug|Any CPU
		{D16A0A78-91C3-4098-AF67-2AD287522274}.Release|Any CPU.ActiveCfg = Release|Any CPU
		{D16A0A78-91C3-4098-AF67-2AD287522274}.Release|Any CPU.Build.0 = Release|Any CPU
	EndGlobalSection
EndGlobal
